
Microsoft Visual Studio Solution File, Format Version 12.00
# Visual Studio Version 17
VisualStudioVersion = 17.3.32811.315
MinimumVisualStudioVersion = 10.0.40219.1
Project("{FAE04EC0-301F-11D3-BF4B-00C04F79EFBC}") = "Lista10PR2", "Lista10PR2\Lista10PR2.csproj", "{AD97627A-E912-4EE0-8B12-7C064E9985D1}"
EndProject
Global
	GlobalSection(SolutionConfigurationPlatforms) = preSolution
		Debug|Any CPU = Debug|Any CPU
		Release|Any CPU = Release|Any CPU
	EndGlobalSection
	GlobalSection(ProjectConfigurationPlatforms) = postSolution
		{AD97627A-E912-4EE0-8B12-7C064E9985D1}.Debug|Any CPU.ActiveCfg = Debug|Any CPU
		{AD97627A-E912-4EE0-8B12-7C064E9985D1}.Debug|Any CPU.Build.0 = Debug|Any CPU
		{AD97627A-E912-4EE0-8B12-7C064E9985D1}.Release|Any CPU.ActiveCfg = Release|Any CPU
		{AD97627A-E912-4EE0-8B12-7C064E9985D1}.Release|Any CPU.Build.0 = Release|Any CPU
	EndGlobalSection
	GlobalSection(SolutionProperties) = preSolution
		HideSolutionNode = FALSE
	EndGlobalSection
	GlobalSection(ExtensibilityGlobals) = postSolution
		SolutionGuid = {7AB35AE6-FD1B-451A-9E71-9D55E5D5F422}
	EndGlobalSection
EndGlobal
